// !$*UTF8*$!
{
	archiveVersion = 1;
	classes = {
	};
	objectVersion = 110;
	objects = {

/* Begin PBXBuildFile section */
		1854B9BE301CA27700F2E614 /* macOSMainKit in Frameworks */ = {isa = PBXBuildFile; platformFilters = (macos, ); productRef = 1854B9BD301CA27700F2E614 /* macOSMainKit */; };
		18A7808F3033006E007DA2CF /* SVDIInfra in Frameworks */ = {isa = PBXBuildFile; platformFilter = ios; productRef = 18A7808E3033006E007DA2CF /* SVDIInfra */; };
		18C382A7303083BC008F2B81 /* iOSRootKit in Frameworks */ = {isa = PBXBuildFile; platformFilter = ios; productRef = 18C382A6303083BC008F2B81 /* iOSRootKit */; };
/* End PBXBuildFile section */

/* Begin PBXContainerItemProxy section */
		1854B95F301BE27200F2E614 /* PBXContainerItemProxy */ = {
			isa = PBXContainerItemProxy;
			containerPortal = 1854B949301BE27000F2E614 /* Project object */;
			proxyType = 1;
			remoteGlobalIDString = 1854B950301BE27000F2E614;
			remoteInfo = Sasvyn;
		};
		1854B969301BE27200F2E614 /* PBXContainerItemProxy */ = {
			isa = PBXContainerItemProxy;
			containerPortal = 1854B949301BE27000F2E614 /* Project object */;
			proxyType = 1;
			remoteGlobalIDString = 1854B950301BE27000F2E614;
			remoteInfo = Sasvyn;
		};
/* End PBXContainerItemProxy section */

/* Begin PBXFileReference section */
		1854B951301BE27000F2E614 /* Sasvyn.app */ = {isa = PBXFileReference; explicitFileType = wrapper.application; includeInIndex = 0; path = Sasvyn.app; sourceTree = BUILT_PRODUCTS_DIR; };
		1854B95E301BE27200F2E614 /* SasvynTests.xctest */ = {isa = PBXFileReference; explicitFileType = wrapper.cfbundle; includeInIndex = 0; path = SasvynTests.xctest; sourceTree = BUILT_PRODUCTS_DIR; };
		1854B968301BE27200F2E614 /* SasvynUITests.xctest */ = {isa = PBXFileReference; explicitFileType = wrapper.cfbundle; includeInIndex = 0; path = SasvynUITests.xctest; sourceTree = BUILT_PRODUCTS_DIR; };
/* End PBXFileReference section */

/* Begin PBXFileSystemSynchronizedBuildFileExceptionSet section */
		1854B988301C744200F2E614 /* Exceptions for "Sasvyn" folder in "Sasvyn" target */ = {
			isa = PBXFileSystemSynchronizedBuildFileExceptionSet;
			membershipExceptions = (
				Info.plist,
				iOS/iOSAboutKit,
				iOS/iOSAuthKit,
				iOS/iOSDocumentsKit,
				iOS/iOSEducationKit,
				iOS/iOSExperienceKit,
				iOS/iOSHomeKit,
				iOS/iOSLanguageKit,
				iOS/iOSLibraryKit,
				iOS/iOSMainKit,
				iOS/iOSMockupKit,
				iOS/iOSPortfolioKit,
				iOS/iOSProjectKit,
				iOS/iOSRootKit,
				iOS/iOSSettingsKit,
				iOS/iOSSkillsKit,
				iOS/iOSSocialLinkKit,
				macOS/macOSAuthKit,
				macOS/macOSMainKit,
				Modules/AuthKit,
				Modules/SVAboutKit,
				Modules/SVDatabaseKit,
				Modules/SVDesignSystem,
				Modules/SVDIInfra,
				Modules/SVDocumentKit,
				Modules/SVEducationKit,
				Modules/SVFoundation,
				Modules/SVHomeKit,
				Modules/SVLanguageKit,
				Modules/SVMockupKit,
				Modules/SVPortfolioKit,
				Modules/SVProjectKit,
				Modules/SVRemoteImage,
				Modules/SVSkillsKit,
				Modules/SVSocialLinkKit,
			);
			target = 1854B950301BE27000F2E614 /* Sasvyn */;
		};
/* End PBXFileSystemSynchronizedBuildFileExceptionSet section */

/* Begin PBXFileSystemSynchronizedRootGroup section */
		1854B953301BE27000F2E614 /* Sasvyn */ = {
			isa = PBXFileSystemSynchronizedRootGroup;
			exceptions = (
				1854B988301C744200F2E614 /* Exceptions for "Sasvyn" folder in "Sasvyn" target */,
			);
			path = Sasvyn;
			sourceTree = "<group>";
		};
		1854B961301BE27200F2E614 /* SasvynTests */ = {
			isa = PBXFileSystemSynchronizedRootGroup;
			path = SasvynTests;
			sourceTree = "<group>";
		};
		1854B96B301BE27200F2E614 /* SasvynUITests */ = {
			isa = PBXFileSystemSynchronizedRootGroup;
			path = SasvynUITests;
			sourceTree = "<group>";
		};
/* End PBXFileSystemSynchronizedRootGroup section */

/* Begin PBXFrameworksBuildPhase section */
		1854B94E301BE27000F2E614 /* Frameworks */ = {
			isa = PBXFrameworksBuildPhase;
			files = (
				18A7808F3033006E007DA2CF /* SVDIInfra in Frameworks */,
				1854B9BE301CA27700F2E614 /* macOSMainKit in Frameworks */,
				18C382A7303083BC008F2B81 /* iOSRootKit in Frameworks */,
			);
		};
		1854B95B301BE27200F2E614 /* Frameworks */ = {
			isa = PBXFrameworksBuildPhase;
			files = (
			);
		};
		1854B965301BE27200F2E614 /* Frameworks */ = {
			isa = PBXFrameworksBuildPhase;
			files = (
			);
		};
/* End PBXFrameworksBuildPhase section */

/* Begin PBXGroup section */
		1854B948301BE27000F2E614 = {
			isa = PBXGroup;
			children = (
				1854B953301BE27000F2E614 /* Sasvyn */,
				1854B961301BE27200F2E614 /* SasvynTests */,
				1854B96B301BE27200F2E614 /* SasvynUITests */,
				1854B98C301C79D000F2E614 /* Frameworks */,
				1854B952301BE27000F2E614 /* Products */,
			);
			sourceTree = "<group>";
		};
		1854B952301BE27000F2E614 /* Products */ = {
			isa = PBXGroup;
			children = (
				1854B951301BE27000F2E614 /* Sasvyn.app */,
				1854B95E301BE27200F2E614 /* SasvynTests.xctest */,
				1854B968301BE27200F2E614 /* SasvynUITests.xctest */,
			);
			name = Products;
			sourceTree = "<group>";
		};
		1854B98C301C79D000F2E614 /* Frameworks */ = {
			isa = PBXGroup;
			children = (
			);
			name = Frameworks;
			sourceTree = "<group>";
		};
/* End PBXGroup section */

/* Begin PBXNativeTarget section */
		1854B950301BE27000F2E614 /* Sasvyn */ = {
			isa = PBXNativeTarget;
			buildConfigurationList = 1854B970301BE27200F2E614 /* Build configuration list for PBXNativeTarget "Sasvyn" */;
			buildPhases = (
				1854B94D301BE27000F2E614 /* Sources */,
				1854B94E301BE27000F2E614 /* Frameworks */,
				1854B94F301BE27000F2E614 /* Resources */,
			);
			buildRules = (
			);
			fileSystemSynchronizedGroups = (
				1854B953301BE27000F2E614 /* Sasvyn */,
			);
			name = Sasvyn;
			packageProductDependencies = (
				1854B9BD301CA27700F2E614 /* macOSMainKit */,
				18C382A6303083BC008F2B81 /* iOSRootKit */,
				18A7808E3033006E007DA2CF /* SVDIInfra */,
			);
			productName = Sasvyn;
			productReference = 1854B951301BE27000F2E614 /* Sasvyn.app */;
			productType = "com.apple.product-type.application";
		};
		1854B95D301BE27200F2E614 /* SasvynTests */ = {
			isa = PBXNativeTarget;
			buildConfigurationList = 1854B973301BE27200F2E614 /* Build configuration list for PBXNativeTarget "SasvynTests" */;
			buildPhases = (
				1854B95A301BE27200F2E614 /* Sources */,
				1854B95B301BE27200F2E614 /* Frameworks */,
				1854B95C301BE27200F2E614 /* Resources */,
			);
			buildRules = (
			);
			dependencies = (
				1854B960301BE27200F2E614 /* PBXTargetDependency */,
			);
			fileSystemSynchronizedGroups = (
				1854B961301BE27200F2E614 /* SasvynTests */,
			);
			name = SasvynTests;
			productName = SasvynTests;
			productReference = 1854B95E301BE27200F2E614 /* SasvynTests.xctest */;
			productType = "com.apple.product-type.bundle.unit-test";
		};
		1854B967301BE27200F2E614 /* SasvynUITests */ = {
			isa = PBXNativeTarget;
			buildConfigurationList = 1854B976301BE27200F2E614 /* Build configuration list for PBXNativeTarget "SasvynUITests" */;
			buildPhases = (
				1854B964301BE27200F2E614 /* Sources */,
				1854B965301BE27200F2E614 /* Frameworks */,
				1854B966301BE27200F2E614 /* Resources */,
			);
			buildRules = (
			);
			dependencies = (
				1854B96A301BE27200F2E614 /* PBXTargetDependency */,
			);
			fileSystemSynchronizedGroups = (
				1854B96B301BE27200F2E614 /* SasvynUITests */,
			);
			name = SasvynUITests;
			productName = SasvynUITests;
			productReference = 1854B968301BE27200F2E614 /* SasvynUITests.xctest */;
			productType = "com.apple.product-type.bundle.ui-testing";
		};
/* End PBXNativeTarget section */

/* Begin PBXProject section */
		1854B949301BE27000F2E614 /* Project object */ = {
			isa = PBXProject;
			attributes = {
				BuildIndependentTargetsInParallel = 1;
				LastSwiftUpdateCheck = 2700;
				LastUpgradeCheck = 2700;
				TargetAttributes = {
					1854B950301BE27000F2E614 = {
						CreatedOnToolsVersion = 27.0;
					};
					1854B95D301BE27200F2E614 = {
						CreatedOnToolsVersion = 27.0;
						TestTargetID = 1854B950301BE27000F2E614;
					};
					1854B967301BE27200F2E614 = {
						CreatedOnToolsVersion = 27.0;
						TestTargetID = 1854B950301BE27000F2E614;
					};
				};
			};
			buildConfigurationList = 1854B94C301BE27000F2E614 /* Build configuration list for PBXProject "Sasvyn" */;
			developmentRegion = en;
			hasScannedForEncodings = 0;
			knownRegions = (
				en,
				Base,
			);
			mainGroup = 1854B948301BE27000F2E614;
			minimizedProjectReferenceProxies = 1;
			preferredProjectObjectVersion = 77;
			productRefGroup = 1854B952301BE27000F2E614 /* Products */;
			projectDirPath = "";
			projectRoot = "";
			targets = (
				1854B950301BE27000F2E614 /* Sasvyn */,
				1854B95D301BE27200F2E614 /* SasvynTests */,
				1854B967301BE27200F2E614 /* SasvynUITests */,
			);
		};
/* End PBXProject section */

/* Begin PBXResourcesBuildPhase section */
		1854B94F301BE27000F2E614 /* Resources */ = {
			isa = PBXResourcesBuildPhase;
			files = (
			);
		};
		1854B95C301BE27200F2E614 /* Resources */ = {
			isa = PBXResourcesBuildPhase;
			files = (
			);
		};
		1854B966301BE27200F2E614 /* Resources */ = {
			isa = PBXResourcesBuildPhase;
			files = (
			);
		};
/* End PBXResourcesBuildPhase section */

/* Begin PBXSourcesBuildPhase section */
		1854B94D301BE27000F2E614 /* Sources */ = {
			isa = PBXSourcesBuildPhase;
			files = (
			);
		};
		1854B95A301BE27200F2E614 /* Sources */ = {
			isa = PBXSourcesBuildPhase;
			files = (
			);
		};
		1854B964301BE27200F2E614 /* Sources */ = {
			isa = PBXSourcesBuildPhase;
			files = (
			);
		};
/* End PBXSourcesBuildPhase section */

/* Begin PBXTargetDependency section */
		1854B960301BE27200F2E614 /* PBXTargetDependency */ = {
			isa = PBXTargetDependency;
			target = 1854B950301BE27000F2E614 /* Sasvyn */;
			targetProxy = 1854B95F301BE27200F2E614 /* PBXContainerItemProxy */;
		};
		1854B96A301BE27200F2E614 /* PBXTargetDependency */ = {
			isa = PBXTargetDependency;
			target = 1854B950301BE27000F2E614 /* Sasvyn */;
			targetProxy = 1854B969301BE27200F2E614 /* PBXContainerItemProxy */;
		};
/* End PBXTargetDependency section */

/* Begin XCBuildConfiguration section */
		1854B96E301BE27200F2E614 /* Debug configuration for PBXProject "Sasvyn" */ = {
			isa = XCBuildConfiguration;
			buildSettings = {
				ALWAYS_SEARCH_USER_PATHS = NO;
				ASSETCATALOG_COMPILER_GENERATE_SWIFT_ASSET_SYMBOL_EXTENSIONS = YES;
				CLANG_ANALYZER_NONNULL = YES;
				CLANG_ANALYZER_NUMBER_OBJECT_CONVERSION = YES_AGGRESSIVE;
				CLANG_CXX_LANGUAGE_STANDARD = "gnu++20";
				CLANG_ENABLE_MODULES = YES;
				CLANG_ENABLE_OBJC_ARC = YES;
				CLANG_ENABLE_OBJC_WEAK = YES;
				CLANG_WARN_BLOCK_CAPTURE_AUTORELEASING = YES;
				CLANG_WARN_BOOL_CONVERSION = YES;
				CLANG_WARN_COMMA = YES;
				CLANG_WARN_CONSTANT_CONVERSION = YES;
				CLANG_WARN_DEPRECATED_OBJC_IMPLEMENTATIONS = YES;
				CLANG_WARN_DIRECT_OBJC_ISA_USAGE = YES_ERROR;
				CLANG_WARN_DOCUMENTATION_COMMENTS = YES;
				CLANG_WARN_EMPTY_BODY = YES;
				CLANG_WARN_ENUM_CONVERSION = YES;
				CLANG_WARN_INFINITE_RECURSION = YES;
				CLANG_WARN_INT_CONVERSION = YES;
				CLANG_WARN_NON_LITERAL_NULL_CONVERSION = YES;
				CLANG_WARN_OBJC_IMPLICIT_RETAIN_SELF = YES;
				CLANG_WARN_OBJC_LITERAL_CONVERSION = YES;
				CLANG_WARN_OBJC_ROOT_CLASS = YES_ERROR;
				CLANG_WARN_QUOTED_INCLUDE_IN_FRAMEWORK_HEADER = YES;
				CLANG_WARN_RANGE_LOOP_ANALYSIS = YES;
				CLANG_WARN_STRICT_PROTOTYPES = YES;
				CLANG_WARN_SUSPICIOUS_MOVE = YES;
				CLANG_WARN_UNGUARDED_AVAILABILITY = YES_AGGRESSIVE;
				CLANG_WARN_UNREACHABLE_CODE = YES;
				CLANG_WARN__DUPLICATE_METHOD_MATCH = YES;
				COPY_PHASE_STRIP = NO;
				DEBUG_INFORMATION_FORMAT = dwarf;
				DEVELOPMENT_TEAM = 9BQY66D558;
				ENABLE_STRICT_OBJC_MSGSEND = YES;
				ENABLE_TESTABILITY = YES;
				ENABLE_USER_SCRIPT_SANDBOXING = YES;
				GCC_C_LANGUAGE_STANDARD = gnu17;
				GCC_DYNAMIC_NO_PIC = NO;
				GCC_NO_COMMON_BLOCKS = YES;
				GCC_OPTIMIZATION_LEVEL = 0;
				GCC_PREPROCESSOR_DEFINITIONS = (
					"DEBUG=1",
					"$(inherited)",
				);
				GCC_WARN_64_TO_32_BIT_CONVERSION = YES;
				GCC_WARN_ABOUT_RETURN_TYPE = YES_ERROR;
				GCC_WARN_UNDECLARED_SELECTOR = YES;
				GCC_WARN_UNINITIALIZED_AUTOS = YES_AGGRESSIVE;
				GCC_WARN_UNUSED_FUNCTION = YES;
				GCC_WARN_UNUSED_VARIABLE = YES;
				LOCALIZATION_PREFERS_STRING_CATALOGS = YES;
				MTL_ENABLE_DEBUG_INFO = INCLUDE_SOURCE;
				MTL_FAST_MATH = YES;
				ONLY_ACTIVE_ARCH = YES;
				SWIFT_ACTIVE_COMPILATION_CONDITIONS = "DEBUG $(inherited)";
				SWIFT_OPTIMIZATION_LEVEL = "-Onone";
			};
			name = Debug;
		};
		1854B96F301BE27200F2E614 /* Release configuration for PBXProject "Sasvyn" */ = {
			isa = XCBuildConfiguration;
			buildSettings = {
				ALWAYS_SEARCH_USER_PATHS = NO;
				ASSETCATALOG_COMPILER_GENERATE_SWIFT_ASSET_SYMBOL_EXTENSIONS = YES;
				CLANG_ANALYZER_NONNULL = YES;
				CLANG_ANALYZER_NUMBER_OBJECT_CONVERSION = YES_AGGRESSIVE;
				CLANG_CXX_LANGUAGE_STANDARD = "gnu++20";
				CLANG_ENABLE_MODULES = YES;
				CLANG_ENABLE_OBJC_ARC = YES;
				CLANG_ENABLE_OBJC_WEAK = YES;
				CLANG_WARN_BLOCK_CAPTURE_AUTORELEASING = YES;
				CLANG_WARN_BOOL_CONVERSION = YES;
				CLANG_WARN_COMMA = YES;
				CLANG_WARN_CONSTANT_CONVERSION = YES;
				CLANG_WARN_DEPRECATED_OBJC_IMPLEMENTATIONS = YES;
				CLANG_WARN_DIRECT_OBJC_ISA_USAGE = YES_ERROR;
				CLANG_WARN_DOCUMENTATION_COMMENTS = YES;
				CLANG_WARN_EMPTY_BODY = YES;
				CLANG_WARN_ENUM_CONVERSION = YES;
				CLANG_WARN_INFINITE_RECURSION = YES;
				CLANG_WARN_INT_CONVERSION = YES;
				CLANG_WARN_NON_LITERAL_NULL_CONVERSION = YES;
				CLANG_WARN_OBJC_IMPLICIT_RETAIN_SELF = YES;
				CLANG_WARN_OBJC_LITERAL_CONVERSION = YES;
				CLANG_WARN_OBJC_ROOT_CLASS = YES_ERROR;
				CLANG_WARN_QUOTED_INCLUDE_IN_FRAMEWORK_HEADER = YES;
				CLANG_WARN_RANGE_LOOP_ANALYSIS = YES;
				CLANG_WARN_STRICT_PROTOTYPES = YES;
				CLANG_WARN_SUSPICIOUS_MOVE = YES;
				CLANG_WARN_UNGUARDED_AVAILABILITY = YES_AGGRESSIVE;
				CLANG_WARN_UNREACHABLE_CODE = YES;
				CLANG_WARN__DUPLICATE_METHOD_MATCH = YES;
				COPY_PHASE_STRIP = NO;
				DEBUG_INFORMATION_FORMAT = "dwarf-with-dsym";
				DEVELOPMENT_TEAM = 9BQY66D558;
				ENABLE_NS_ASSERTIONS = NO;
				ENABLE_STRICT_OBJC_MSGSEND = YES;
				ENABLE_USER_SCRIPT_SANDBOXING = YES;
				GCC_C_LANGUAGE_STANDARD = gnu17;
				GCC_NO_COMMON_BLOCKS = YES;
				GCC_WARN_64_TO_32_BIT_CONVERSION = YES;
				GCC_WARN_ABOUT_RETURN_TYPE = YES_ERROR;
				GCC_WARN_UNDECLARED_SELECTOR = YES;
				GCC_WARN_UNINITIALIZED_AUTOS = YES_AGGRESSIVE;
				GCC_WARN_UNUSED_FUNCTION = YES;
				GCC_WARN_UNUSED_VARIABLE = YES;
				LOCALIZATION_PREFERS_STRING_CATALOGS = YES;
				MTL_ENABLE_DEBUG_INFO = NO;
				MTL_FAST_MATH = YES;
				SWIFT_COMPILATION_MODE = wholemodule;
			};
			name = Release;
		};
		1854B971301BE27200F2E614 /* Debug configuration for PBXNativeTarget "Sasvyn" */ = {
			isa = XCBuildConfiguration;
			buildSettings = {
				ASSETCATALOG_COMPILER_APPICON_NAME = AppIcon;
				ASSETCATALOG_COMPILER_GLOBAL_ACCENT_COLOR_NAME = AccentColor;
				ASSETCATALOG_COMPILER_INCLUDE_ALL_APPICON_ASSETS = YES;
				CODE_SIGN_IDENTITY = "Apple Development";
				CODE_SIGN_STYLE = Automatic;
				CURRENT_PROJECT_VERSION = 1;
				DEVELOPMENT_TEAM = 9BQY66D558;
				ENABLE_APP_SANDBOX = YES;
				ENABLE_HARDENED_RUNTIME = YES;
				ENABLE_PREVIEWS = YES;
				ENABLE_USER_SELECTED_FILES = readonly;
				GENERATE_INFOPLIST_FILE = YES;
				INFOPLIST_FILE = Sasvyn/Info.plist;
				INFOPLIST_KEY_NSPhotoLibraryAddUsageDescription = "";
				INFOPLIST_KEY_NSPhotoLibraryUsageDescription = "";
				"INFOPLIST_KEY_UIApplicationSceneManifest_Generation[sdk=iphoneos*]" = YES;
				"INFOPLIST_KEY_UIApplicationSceneManifest_Generation[sdk=iphonesimulator*]" = YES;
				"INFOPLIST_KEY_UIApplicationSupportsIndirectInputEvents[sdk=iphoneos*]" = YES;
				"INFOPLIST_KEY_UIApplicationSupportsIndirectInputEvents[sdk=iphonesimulator*]" = YES;
				"INFOPLIST_KEY_UILaunchScreen_Generation[sdk=iphoneos*]" = YES;
				"INFOPLIST_KEY_UILaunchScreen_Generation[sdk=iphonesimulator*]" = YES;
				INFOPLIST_KEY_UILaunchStoryboardName = "Launch Screen.storyboard";
				"INFOPLIST_KEY_UIStatusBarStyle[sdk=iphoneos*]" = UIStatusBarStyleDefault;
				"INFOPLIST_KEY_UIStatusBarStyle[sdk=iphonesimulator*]" = UIStatusBarStyleDefault;
				INFOPLIST_KEY_UISupportedInterfaceOrientations = UIInterfaceOrientationPortrait;
				IPHONEOS_DEPLOYMENT_TARGET = 18.6;
				LD_RUNPATH_SEARCH_PATHS = "@executable_path/Frameworks";
				"LD_RUNPATH_SEARCH_PATHS[sdk=macosx*]" = "@executable_path/../Frameworks";
				MACOSX_DEPLOYMENT_TARGET = 15.6;
				MARKETING_VERSION = 1.0;
				PRODUCT_BUNDLE_IDENTIFIER = com.thakurvijay.sasvyn;
				PRODUCT_NAME = "$(TARGET_NAME)";
				PROVISIONING_PROFILE_SPECIFIER = "";
				REGISTER_APP_GROUPS = YES;
				SDKROOT = auto;
				STRING_CATALOG_GENERATE_SYMBOLS = YES;
				SUPPORTED_PLATFORMS = "iphoneos iphonesimulator macosx";
				SUPPORTS_MACCATALYST = NO;
				SWIFT_APPROACHABLE_CONCURRENCY = YES;
				SWIFT_DEFAULT_ACTOR_ISOLATION = MainActor;
				SWIFT_EMIT_LOC_STRINGS = YES;
				SWIFT_UPCOMING_FEATURE_MEMBER_IMPORT_VISIBILITY = YES;
				SWIFT_VERSION = 5.0;
				TARGETED_DEVICE_FAMILY = 1;
				XROS_DEPLOYMENT_TARGET = 27.0;
			};
			name = Debug;
		};
		1854B972301BE27200F2E614 /* Release configuration for PBXNativeTarget "Sasvyn" */ = {
			isa = XCBuildConfiguration;
			buildSettings = {
				ASSETCATALOG_COMPILER_APPICON_NAME = AppIcon;
				ASSETCATALOG_COMPILER_GLOBAL_ACCENT_COLOR_NAME = AccentColor;
				ASSETCATALOG_COMPILER_INCLUDE_ALL_APPICON_ASSETS = YES;
				CODE_SIGN_IDENTITY = "Apple Development";
				CODE_SIGN_STYLE = Automatic;
				CURRENT_PROJECT_VERSION = 1;
				DEVELOPMENT_TEAM = 9BQY66D558;
				ENABLE_APP_SANDBOX = YES;
				ENABLE_HARDENED_RUNTIME = YES;
				ENABLE_PREVIEWS = YES;
				ENABLE_USER_SELECTED_FILES = readonly;
				GENERATE_INFOPLIST_FILE = YES;
				INFOPLIST_FILE = Sasvyn/Info.plist;
				INFOPLIST_KEY_NSPhotoLibraryAddUsageDescription = "";
				INFOPLIST_KEY_NSPhotoLibraryUsageDescription = "";
				"INFOPLIST_KEY_UIApplicationSceneManifest_Generation[sdk=iphoneos*]" = YES;
				"INFOPLIST_KEY_UIApplicationSceneManifest_Generation[sdk=iphonesimulator*]" = YES;
				"INFOPLIST_KEY_UIApplicationSupportsIndirectInputEvents[sdk=iphoneos*]" = YES;
				"INFOPLIST_KEY_UIApplicationSupportsIndirectInputEvents[sdk=iphonesimulator*]" = YES;
				"INFOPLIST_KEY_UILaunchScreen_Generation[sdk=iphoneos*]" = YES;
				"INFOPLIST_KEY_UILaunchScreen_Generation[sdk=iphonesimulator*]" = YES;
				INFOPLIST_KEY_UILaunchStoryboardName = "Launch Screen.storyboard";
				"INFOPLIST_KEY_UIStatusBarStyle[sdk=iphoneos*]" = UIStatusBarStyleDefault;
				"INFOPLIST_KEY_UIStatusBarStyle[sdk=iphonesimulator*]" = UIStatusBarStyleDefault;
				INFOPLIST_KEY_UISupportedInterfaceOrientations = UIInterfaceOrientationPortrait;
				IPHONEOS_DEPLOYMENT_TARGET = 18.6;
				LD_RUNPATH_SEARCH_PATHS = "@executable_path/Frameworks";
				"LD_RUNPATH_SEARCH_PATHS[sdk=macosx*]" = "@executable_path/../Frameworks";
				MACOSX_DEPLOYMENT_TARGET = 15.6;
				MARKETING_VERSION = 1.0;
				PRODUCT_BUNDLE_IDENTIFIER = com.thakurvijay.sasvyn;
				PRODUCT_NAME = "$(TARGET_NAME)";
				PROVISIONING_PROFILE_SPECIFIER = "";
				REGISTER_APP_GROUPS = YES;
				SDKROOT = auto;
				STRING_CATALOG_GENERATE_SYMBOLS = YES;
				SUPPORTED_PLATFORMS = "iphoneos iphonesimulator macosx";
				SUPPORTS_MACCATALYST = NO;
				SWIFT_APPROACHABLE_CONCURRENCY = YES;
				SWIFT_DEFAULT_ACTOR_ISOLATION = MainActor;
				SWIFT_EMIT_LOC_STRINGS = YES;
				SWIFT_UPCOMING_FEATURE_MEMBER_IMPORT_VISIBILITY = YES;
				SWIFT_VERSION = 5.0;
				TARGETED_DEVICE_FAMILY = 1;
				XROS_DEPLOYMENT_TARGET = 27.0;
			};
			name = Release;
		};
		1854B974301BE27200F2E614 /* Debug configuration for PBXNativeTarget "SasvynTests" */ = {
			isa = XCBuildConfiguration;
			buildSettings = {
				BUNDLE_LOADER = "$(TEST_HOST)";
				CODE_SIGN_STYLE = Automatic;
				CURRENT_PROJECT_VERSION = 1;
				DEVELOPMENT_TEAM = 9BQY66D558;
				GENERATE_INFOPLIST_FILE = YES;
				IPHONEOS_DEPLOYMENT_TARGET = 27.0;
				MACOSX_DEPLOYMENT_TARGET = 27.0;
				MARKETING_VERSION = 1.0;
				PRODUCT_BUNDLE_IDENTIFIER = com.vijaythakur.SasvynTests;
				PRODUCT_NAME = "$(TARGET_NAME)";
				SDKROOT = auto;
				STRING_CATALOG_GENERATE_SYMBOLS = NO;
				SUPPORTED_PLATFORMS = "iphoneos iphonesimulator macosx xros xrsimulator";
				SWIFT_APPROACHABLE_CONCURRENCY = YES;
				SWIFT_EMIT_LOC_STRINGS = NO;
				SWIFT_UPCOMING_FEATURE_MEMBER_IMPORT_VISIBILITY = YES;
				SWIFT_VERSION = 5.0;
				TARGETED_DEVICE_FAMILY = "1,2,7";
				TEST_HOST = "$(BUILT_PRODUCTS_DIR)/Sasvyn.app/$(BUNDLE_EXECUTABLE_FOLDER_PATH)/Sasvyn";
				XROS_DEPLOYMENT_TARGET = 27.0;
			};
			name = Debug;
		};
		1854B975301BE27200F2E614 /* Release configuration for PBXNativeTarget "SasvynTests" */ = {
			isa = XCBuildConfiguration;
			buildSettings = {
				BUNDLE_LOADER = "$(TEST_HOST)";
				CODE_SIGN_STYLE = Automatic;
				CURRENT_PROJECT_VERSION = 1;
				DEVELOPMENT_TEAM = 9BQY66D558;
				GENERATE_INFOPLIST_FILE = YES;
				IPHONEOS_DEPLOYMENT_TARGET = 27.0;
				MACOSX_DEPLOYMENT_TARGET = 27.0;
				MARKETING_VERSION = 1.0;
				PRODUCT_BUNDLE_IDENTIFIER = com.vijaythakur.SasvynTests;
				PRODUCT_NAME = "$(TARGET_NAME)";
				SDKROOT = auto;
				STRING_CATALOG_GENERATE_SYMBOLS = NO;
				SUPPORTED_PLATFORMS = "iphoneos iphonesimulator macosx xros xrsimulator";
				SWIFT_APPROACHABLE_CONCURRENCY = YES;
				SWIFT_EMIT_LOC_STRINGS = NO;
				SWIFT_UPCOMING_FEATURE_MEMBER_IMPORT_VISIBILITY = YES;
				SWIFT_VERSION = 5.0;
				TARGETED_DEVICE_FAMILY = "1,2,7";
				TEST_HOST = "$(BUILT_PRODUCTS_DIR)/Sasvyn.app/$(BUNDLE_EXECUTABLE_FOLDER_PATH)/Sasvyn";
				XROS_DEPLOYMENT_TARGET = 27.0;
			};
			name = Release;
		};
		1854B977301BE27200F2E614 /* Debug configuration for PBXNativeTarget "SasvynUITests" */ = {
			isa = XCBuildConfiguration;
			buildSettings = {
				CODE_SIGN_STYLE = Automatic;
				CURRENT_PROJECT_VERSION = 1;
				DEVELOPMENT_TEAM = 9BQY66D558;
				GENERATE_INFOPLIST_FILE = YES;
				IPHONEOS_DEPLOYMENT_TARGET = 27.0;
				MACOSX_DEPLOYMENT_TARGET = 27.0;
				MARKETING_VERSION = 1.0;
				PRODUCT_BUNDLE_IDENTIFIER = com.vijaythakur.SasvynUITests;
				PRODUCT_NAME = "$(TARGET_NAME)";
				SDKROOT = auto;
				STRING_CATALOG_GENERATE_SYMBOLS = NO;
				SUPPORTED_PLATFORMS = "iphoneos iphonesimulator macosx xros xrsimulator";
				SWIFT_APPROACHABLE_CONCURRENCY = YES;
				SWIFT_EMIT_LOC_STRINGS = NO;
				SWIFT_UPCOMING_FEATURE_MEMBER_IMPORT_VISIBILITY = YES;
				SWIFT_VERSION = 5.0;
				TARGETED_DEVICE_FAMILY = "1,2,7";
				TEST_TARGET_NAME = Sasvyn;
				XROS_DEPLOYMENT_TARGET = 27.0;
			};
			name = Debug;
		};
		1854B978301BE27200F2E614 /* Release configuration for PBXNativeTarget "SasvynUITests" */ = {
			isa = XCBuildConfiguration;
			buildSettings = {
				CODE_SIGN_STYLE = Automatic;
				CURRENT_PROJECT_VERSION = 1;
				DEVELOPMENT_TEAM = 9BQY66D558;
				GENERATE_INFOPLIST_FILE = YES;
				IPHONEOS_DEPLOYMENT_TARGET = 27.0;
				MACOSX_DEPLOYMENT_TARGET = 27.0;
				MARKETING_VERSION = 1.0;
				PRODUCT_BUNDLE_IDENTIFIER = com.vijaythakur.SasvynUITests;
				PRODUCT_NAME = "$(TARGET_NAME)";
				SDKROOT = auto;
				STRING_CATALOG_GENERATE_SYMBOLS = NO;
				SUPPORTED_PLATFORMS = "iphoneos iphonesimulator macosx xros xrsimulator";
				SWIFT_APPROACHABLE_CONCURRENCY = YES;
				SWIFT_EMIT_LOC_STRINGS = NO;
				SWIFT_UPCOMING_FEATURE_MEMBER_IMPORT_VISIBILITY = YES;
				SWIFT_VERSION = 5.0;
				TARGETED_DEVICE_FAMILY = "1,2,7";
				TEST_TARGET_NAME = Sasvyn;
				XROS_DEPLOYMENT_TARGET = 27.0;
			};
			name = Release;
		};
/* End XCBuildConfiguration section */

/* Begin XCConfigurationList section */
		1854B94C301BE27000F2E614 /* Build configuration list for PBXProject "Sasvyn" */ = {
			isa = XCConfigurationList;
			buildConfigurations = (
				1854B96E301BE27200F2E614 /* Debug configuration for PBXProject "Sasvyn" */,
				1854B96F301BE27200F2E614 /* Release configuration for PBXProject "Sasvyn" */,
			);
			defaultConfigurationName = Release;
		};
		1854B970301BE27200F2E614 /* Build configuration list for PBXNativeTarget "Sasvyn" */ = {
			isa = XCConfigurationList;
			buildConfigurations = (
				1854B971301BE27200F2E614 /* Debug configuration for PBXNativeTarget "Sasvyn" */,
				1854B972301BE27200F2E614 /* Release configuration for PBXNativeTarget "Sasvyn" */,
			);
			defaultConfigurationName = Release;
		};
		1854B973301BE27200F2E614 /* Build configuration list for PBXNativeTarget "SasvynTests" */ = {
			isa = XCConfigurationList;
			buildConfigurations = (
				1854B974301BE27200F2E614 /* Debug configuration for PBXNativeTarget "SasvynTests" */,
				1854B975301BE27200F2E614 /* Release configuration for PBXNativeTarget "SasvynTests" */,
			);
			defaultConfigurationName = Release;
		};
		1854B976301BE27200F2E614 /* Build configuration list for PBXNativeTarget "SasvynUITests" */ = {
			isa = XCConfigurationList;
			buildConfigurations = (
				1854B977301BE27200F2E614 /* Debug configuration for PBXNativeTarget "SasvynUITests" */,
				1854B978301BE27200F2E614 /* Release configuration for PBXNativeTarget "SasvynUITests" */,
			);
			defaultConfigurationName = Release;
		};
/* End XCConfigurationList section */

/* Begin XCSwiftPackageProductDependency section */
		1854B9BD301CA27700F2E614 /* macOSMainKit */ = {
			isa = XCSwiftPackageProductDependency;
			productName = macOSMainKit;
		};
		18A7808E3033006E007DA2CF /* SVDIInfra */ = {
			isa = XCSwiftPackageProductDependency;
			productName = SVDIInfra;
		};
		18C382A6303083BC008F2B81 /* iOSRootKit */ = {
			isa = XCSwiftPackageProductDependency;
			productName = iOSRootKit;
		};
/* End XCSwiftPackageProductDependency section */
	};
	rootObject = 1854B949301BE27000F2E614 /* Project object */;
	validationLevel = 1;
}
