{
  "originHash" : "f7bd839e687cb5ba5a218f87e19e6cb7fecdb36799ed51a410428fa64946bfe2",
  "pins" : [
    {
      "identity" : "networkkit",
      "kind" : "remoteSourceControl",
      "location" : "https://github.com/thakur-vijay/NetworkKit.git",
      "state" : {
        "revision" : "0a418308bf4b3ae8c0bff63e6957d0e4ff70e53b",
        "version" : "1.1.3"
      }
    }
  ],
  "version" : 3
}
